<?xml version="1.0" encoding="utf-8"?>
<Project ToolsVersion="14.0" xmlns="http://schemas.microsoft.com/developer/msbuild/2003">
  <ItemGroup>
    <Filter Include="Resources">
      <UniqueIdentifier>3aa52aff-d5be-4e54-b0f9-83aa2e55dc66</UniqueIdentifier>
      <Extensions>rc;ico;cur;bmp;dlg;rc2;rct;bin;rgs;gif;jpg;jpeg;jpe;resx;tga;tiff;tif;png;wav;mfcribbon-ms</Extensions>
    </Filter>
  </ItemGroup>
  <ItemGroup>
    <ClCompile Include="pch.cpp" />
    <ClCompile Include="AllJoynBusObjectManager.cpp" />
    <ClCompile Include="AllJoynHelpers.cpp" />
    <ClCompile Include="ToasterConsumer.cpp" />
    <ClCompile Include="ToasterProducer.cpp" />
    <ClCompile Include="ToasterServiceEventAdapter.cpp" />
    <ClCompile Include="ToasterServiceEventArgs.cpp" />
    <ClCompile Include="ToasterSignals.cpp" />
    <ClCompile Include="ToasterWatcher.cpp" />
    <ClCompile Include="TypeConversionHelpers.cpp" />
  </ItemGroup>
  <ItemGroup>
    <ClInclude Include="pch.h" />
    <ClInclude Include="AllJoynBusObjectManager.h" />
    <ClInclude Include="AllJoynHelpers.h" />
    <ClInclude Include="IToasterService.h" />
    <ClInclude Include="ToasterConsumer.h" />
    <ClInclude Include="ToasterEventArgs.h" />
    <ClInclude Include="ToasterMethodResults.h" />
    <ClInclude Include="ToasterProducer.h" />
    <ClInclude Include="ToasterServiceEventAdapter.h" />
    <ClInclude Include="ToasterServiceEventArgs.h" />
    <ClInclude Include="ToasterSignals.h" />
    <ClInclude Include="ToasterStructures.h" />
    <ClInclude Include="ToasterWatcher.h" />
    <ClInclude Include="TypeConversionHelpers.h" />
  </ItemGroup>
</Project>