
Microsoft Visual Studio Solution File, Format Version 12.00
# Visual Studio 14
VisualStudioVersion = 14.0.23107.0
MinimumVisualStudioVersion = 10.0.40219.1
Project("{FAE04EC0-301F-11D3-BF4B-00C04F79EFBC}") = "Toaster.Consumer", "Toaster.Consumer\Toaster.Consumer.csproj", "{2F4D1C7D-45D0-4CFF-A5CD-60D6EC80EF0B}"
EndProject
Project("{FAE04EC0-301F-11D3-BF4B-00C04F79EFBC}") = "Toaster.Producer", "Toaster.Producer\Toaster.Producer.csproj", "{79625DB7-F91A-4285-AA73-371CA9BA06DD}"
EndProject
Project("{8BC9CEB8-8B4A-11D0-8D11-00A0C91BC942}") = "Toaster.Runtime", "Toaster.Runtime\Toaster.Runtime.vcxproj", "{1F337C9C-1282-46FF-9564-153A9256E840}"
EndProject
Global
	GlobalSection(SolutionConfigurationPlatforms) = preSolution
		Debug|Any CPU = Debug|Any CPU
		Debug|ARM = Debug|ARM
		Debug|x64 = Debug|x64
		Debug|x86 = Debug|x86
		Release|Any CPU = Release|Any CPU
		Release|ARM = Release|ARM
		Release|x64 = Release|x64
		Release|x86 = Release|x86
	EndGlobalSection
	GlobalSection(ProjectConfigurationPlatforms) = postSolution
		{2F4D1C7D-45D0-4CFF-A5CD-60D6EC80EF0B}.Debug|Any CPU.ActiveCfg = Debug|x86
		{2F4D1C7D-45D0-4CFF-A5CD-60D6EC80EF0B}.Debug|ARM.ActiveCfg = Debug|ARM
		{2F4D1C7D-45D0-4CFF-A5CD-60D6EC80EF0B}.Debug|ARM.Build.0 = Debug|ARM
		{2F4D1C7D-45D0-4CFF-A5CD-60D6EC80EF0B}.Debug|ARM.Deploy.0 = Debug|ARM
		{2F4D1C7D-45D0-4CFF-A5CD-60D6EC80EF0B}.Debug|x64.ActiveCfg = Debug|x64
		{2F4D1C7D-45D0-4CFF-A5CD-60D6EC80EF0B}.Debug|x64.Build.0 = Debug|x64
		{2F4D1C7D-45D0-4CFF-A5CD-60D6EC80EF0B}.Debug|x64.Deploy.0 = Debug|x64
		{2F4D1C7D-45D0-4CFF-A5CD-60D6EC80EF0B}.Debug|x86.ActiveCfg = Debug|x86
		{2F4D1C7D-45D0-4CFF-A5CD-60D6EC80EF0B}.Debug|x86.Build.0 = Debug|x86
		{2F4D1C7D-45D0-4CFF-A5CD-60D6EC80EF0B}.Debug|x86.Deploy.0 = Debug|x86
		{2F4D1C7D-45D0-4CFF-A5CD-60D6EC80EF0B}.Release|Any CPU.ActiveCfg = Release|x86
		{2F4D1C7D-45D0-4CFF-A5CD-60D6EC80EF0B}.Release|ARM.ActiveCfg = Release|ARM
		{2F4D1C7D-45D0-4CFF-A5CD-60D6EC80EF0B}.Release|ARM.Build.0 = Release|ARM
		{2F4D1C7D-45D0-4CFF-A5CD-60D6EC80EF0B}.Release|ARM.Deploy.0 = Release|ARM
		{2F4D1C7D-45D0-4CFF-A5CD-60D6EC80EF0B}.Release|x64.ActiveCfg = Release|x64
		{2F4D1C7D-45D0-4CFF-A5CD-60D6EC80EF0B}.Release|x64.Build.0 = Release|x64
		{2F4D1C7D-45D0-4CFF-A5CD-60D6EC80EF0B}.Release|x64.Deploy.0 = Release|x64
		{2F4D1C7D-45D0-4CFF-A5CD-60D6EC80EF0B}.Release|x86.ActiveCfg = Release|x86
		{2F4D1C7D-45D0-4CFF-A5CD-60D6EC80EF0B}.Release|x86.Build.0 = Release|x86
		{2F4D1C7D-45D0-4CFF-A5CD-60D6EC80EF0B}.Release|x86.Deploy.0 = Release|x86
		{79625DB7-F91A-4285-AA73-371CA9BA06DD}.Debug|Any CPU.ActiveCfg = Debug|x86
		{79625DB7-F91A-4285-AA73-371CA9BA06DD}.Debug|ARM.ActiveCfg = Debug|ARM
		{79625DB7-F91A-4285-AA73-371CA9BA06DD}.Debug|ARM.Build.0 = Debug|ARM
		{79625DB7-F91A-4285-AA73-371CA9BA06DD}.Debug|ARM.Deploy.0 = Debug|ARM
		{79625DB7-F91A-4285-AA73-371CA9BA06DD}.Debug|x64.ActiveCfg = Debug|x64
		{79625DB7-F91A-4285-AA73-371CA9BA06DD}.Debug|x64.Build.0 = Debug|x64
		{79625DB7-F91A-4285-AA73-371CA9BA06DD}.Debug|x64.Deploy.0 = Debug|x64
		{79625DB7-F91A-4285-AA73-371CA9BA06DD}.Debug|x86.ActiveCfg = Debug|x86
		{79625DB7-F91A-4285-AA73-371CA9BA06DD}.Debug|x86.Build.0 = Debug|x86
		{79625DB7-F91A-4285-AA73-371CA9BA06DD}.Debug|x86.Deploy.0 = Debug|x86
		{79625DB7-F91A-4285-AA73-371CA9BA06DD}.Release|Any CPU.ActiveCfg = Release|x86
		{79625DB7-F91A-4285-AA73-371CA9BA06DD}.Release|ARM.ActiveCfg = Release|ARM
		{79625DB7-F91A-4285-AA73-371CA9BA06DD}.Release|ARM.Build.0 = Release|ARM
		{79625DB7-F91A-4285-AA73-371CA9BA06DD}.Release|ARM.Deploy.0 = Release|ARM
		{79625DB7-F91A-4285-AA73-371CA9BA06DD}.Release|x64.ActiveCfg = Release|x64
		{79625DB7-F91A-4285-AA73-371CA9BA06DD}.Release|x64.Build.0 = Release|x64
		{79625DB7-F91A-4285-AA73-371CA9BA06DD}.Release|x64.Deploy.0 = Release|x64
		{79625DB7-F91A-4285-AA73-371CA9BA06DD}.Release|x86.ActiveCfg = Release|x86
		{79625DB7-F91A-4285-AA73-371CA9BA06DD}.Release|x86.Build.0 = Release|x86
		{79625DB7-F91A-4285-AA73-371CA9BA06DD}.Release|x86.Deploy.0 = Release|x86
		{1F337C9C-1282-46FF-9564-153A9256E840}.Debug|Any CPU.ActiveCfg = Debug|Win32
		{1F337C9C-1282-46FF-9564-153A9256E840}.Debug|ARM.ActiveCfg = Debug|ARM
		{1F337C9C-1282-46FF-9564-153A9256E840}.Debug|ARM.Build.0 = Debug|ARM
		{1F337C9C-1282-46FF-9564-153A9256E840}.Debug|x64.ActiveCfg = Debug|x64
		{1F337C9C-1282-46FF-9564-153A9256E840}.Debug|x64.Build.0 = Debug|x64
		{1F337C9C-1282-46FF-9564-153A9256E840}.Debug|x86.ActiveCfg = Debug|Win32
		{1F337C9C-1282-46FF-9564-153A9256E840}.Debug|x86.Build.0 = Debug|Win32
		{1F337C9C-1282-46FF-9564-153A9256E840}.Release|Any CPU.ActiveCfg = Release|Win32
		{1F337C9C-1282-46FF-9564-153A9256E840}.Release|ARM.ActiveCfg = Release|ARM
		{1F337C9C-1282-46FF-9564-153A9256E840}.Release|ARM.Build.0 = Release|ARM
		{1F337C9C-1282-46FF-9564-153A9256E840}.Release|x64.ActiveCfg = Release|x64
		{1F337C9C-1282-46FF-9564-153A9256E840}.Release|x64.Build.0 = Release|x64
		{1F337C9C-1282-46FF-9564-153A9256E840}.Release|x86.ActiveCfg = Release|Win32
		{1F337C9C-1282-46FF-9564-153A9256E840}.Release|x86.Build.0 = Release|Win32
	EndGlobalSection
	GlobalSection(SolutionProperties) = preSolution
		HideSolutionNode = FALSE
	EndGlobalSection
EndGlobal
